// !$*UTF8*$!
{
	archiveVersion = 1;
	classes = {
	};
	objectVersion = 50;
	objects = {

/* Begin PBXBuildFile section */
		1A373FF3246C0EE400CF72AD /* IngredienceSelectionRowView.swift in Sources */ = {isa = PBXBuildFile; fileRef = 1AEF25CE246AF4EC0093C86A /* IngredienceSelectionRowView.swift */; };
		1A373FF9246C1F7600CF72AD /* AddMealTypeView.swift in Sources */ = {isa = PBXBuildFile; fileRef = 1AEF25D6246B21150093C86A /* AddMealTypeView.swift */; };
		1A373FFC246C2F5C00CF72AD /* MealsTypeList.swift in Sources */ = {isa = PBXBuildFile; fileRef = 1AEF25D0246B1A450093C86A /* MealsTypeList.swift */; };
		1A373FFD246C332200CF72AD /* AddMealView.swift in Sources */ = {isa = PBXBuildFile; fileRef = 1AEF25C5246AE6BC0093C86A /* AddMealView.swift */; };
		1A374001246C582D00CF72AD /* Meal+init.swift in Sources */ = {isa = PBXBuildFile; fileRef = 1A373FF4246C126100CF72AD /* Meal+init.swift */; };
		1A76BE19246FDBBE00A2ED48 /* AppTabView.swift in Sources */ = {isa = PBXBuildFile; fileRef = 1A76BE18246FDBBE00A2ED48 /* AppTabView.swift */; };
		1A76BE1B246FDE9900A2ED48 /* MainView.swift in Sources */ = {isa = PBXBuildFile; fileRef = 1A76BE1A246FDE9900A2ED48 /* MainView.swift */; };
		1A76BE1D246FE25E00A2ED48 /* Assets.xcassets in Resources */ = {isa = PBXBuildFile; fileRef = 1A76BE1C246FE25E00A2ED48 /* Assets.xcassets */; };
		1A76BE21246FED3E00A2ED48 /* IngrediencesView.swift in Sources */ = {isa = PBXBuildFile; fileRef = 1A76BE1F246FEC9800A2ED48 /* IngrediencesView.swift */; };
		1A76BE23246FEF0600A2ED48 /* AddIngredienceView.swift in Sources */ = {isa = PBXBuildFile; fileRef = 1A76BE22246FEF0600A2ED48 /* AddIngredienceView.swift */; };
		1A76BE26246FF4CF00A2ED48 /* MealAddIngredienceView.swift in Sources */ = {isa = PBXBuildFile; fileRef = 1A76BE25246FF4CF00A2ED48 /* MealAddIngredienceView.swift */; };
		1A76BE2A247039B600A2ED48 /* FilterMealsView.swift in Sources */ = {isa = PBXBuildFile; fileRef = 1A76BE29247039B600A2ED48 /* FilterMealsView.swift */; };
		1A76BE2E247054C400A2ED48 /* FoundMealsView.swift in Sources */ = {isa = PBXBuildFile; fileRef = 1A76BE2724701C8100A2ED48 /* FoundMealsView.swift */; };
		1A76BE2F247055D400A2ED48 /* FoundMealImageView.swift in Sources */ = {isa = PBXBuildFile; fileRef = 1A76BE2B2470545300A2ED48 /* FoundMealImageView.swift */; };
		1A7C90C4246C8D2D00D92FC2 /* ObservableObject+toBindable.swift in Sources */ = {isa = PBXBuildFile; fileRef = 1A7C90C3246C8D2D00D92FC2 /* ObservableObject+toBindable.swift */; };
		1A7C90C7246C958D00D92FC2 /* MealTypePickerSheetView.swift in Sources */ = {isa = PBXBuildFile; fileRef = 1A7C90C6246C958D00D92FC2 /* MealTypePickerSheetView.swift */; };
		1AC8AA54246F102B00511478 /* ImagePicker.swift in Sources */ = {isa = PBXBuildFile; fileRef = 1AD4B35F246EFBF70038984E /* ImagePicker.swift */; };
		1AC8AA57246F153500511478 /* MealDetail.swift in Sources */ = {isa = PBXBuildFile; fileRef = 1AEF25B4246AB5D00093C86A /* MealDetail.swift */; };
		1AC8AA58246F175C00511478 /* AddImageView.swift in Sources */ = {isa = PBXBuildFile; fileRef = 1AC8AA55246F114300511478 /* AddImageView.swift */; };
		1AC8AA5A246F2F6000511478 /* DataCoreImageView.swift in Sources */ = {isa = PBXBuildFile; fileRef = 1AC8AA59246F2F6000511478 /* DataCoreImageView.swift */; };
		1AEF2537246A98EE0093C86A /* AppDelegate.swift in Sources */ = {isa = PBXBuildFile; fileRef = 1AEF2536246A98EE0093C86A /* AppDelegate.swift */; };
		1AEF2539246A98EE0093C86A /* SceneDelegate.swift in Sources */ = {isa = PBXBuildFile; fileRef = 1AEF2538246A98EE0093C86A /* SceneDelegate.swift */; };
		1AEF2543246A98EF0093C86A /* Preview Assets.xcassets in Resources */ = {isa = PBXBuildFile; fileRef = 1AEF2542246A98EF0093C86A /* Preview Assets.xcassets */; };
		1AEF2546246A98EF0093C86A /* LaunchScreen.storyboard in Resources */ = {isa = PBXBuildFile; fileRef = 1AEF2544246A98EF0093C86A /* LaunchScreen.storyboard */; };
		1AEF2551246A98EF0093C86A /* HungryStudentTests.swift in Sources */ = {isa = PBXBuildFile; fileRef = 1AEF2550246A98EF0093C86A /* HungryStudentTests.swift */; };
		1AEF255C246A98EF0093C86A /* HungryStudentUITests.swift in Sources */ = {isa = PBXBuildFile; fileRef = 1AEF255B246A98EF0093C86A /* HungryStudentUITests.swift */; };
		1AEF25A9246AA7700093C86A /* HungryStudent.xcdatamodeld in Sources */ = {isa = PBXBuildFile; fileRef = 1AEF253A246A98EE0093C86A /* HungryStudent.xcdatamodeld */; };
		1AEF25AB246AAAAA0093C86A /* AddImage.swift in Sources */ = {isa = PBXBuildFile; fileRef = 1AEF25AA246AAAAA0093C86A /* AddImage.swift */; };
		1AEF25AD246AAE580093C86A /* NameTypeFavouriteView.swift in Sources */ = {isa = PBXBuildFile; fileRef = 1AEF25AC246AAE580093C86A /* NameTypeFavouriteView.swift */; };
		1AEF25B8246AC2790093C86A /* SearchBar.swift in Sources */ = {isa = PBXBuildFile; fileRef = 1AEF25B6246ABA3E0093C86A /* SearchBar.swift */; };
		1AEF25BA246ACEBB0093C86A /* ContentView.swift in Sources */ = {isa = PBXBuildFile; fileRef = 1AEF253D246A98EE0093C86A /* ContentView.swift */; };
		1AEF25BC246AD2300093C86A /* Meal+Identifiable.swift in Sources */ = {isa = PBXBuildFile; fileRef = 1AEF25BB246AD2300093C86A /* Meal+Identifiable.swift */; };
		1AEF25BE246AD50A0093C86A /* debugGetContext.swift in Sources */ = {isa = PBXBuildFile; fileRef = 1AEF25BD246AD50A0093C86A /* debugGetContext.swift */; };
		1AEF25C0246AD78E0093C86A /* MealRowView.swift in Sources */ = {isa = PBXBuildFile; fileRef = 1AEF25BF246AD78E0093C86A /* MealRowView.swift */; };
		1AEF25C4246AE1D20093C86A /* FavouriteButtonView.swift in Sources */ = {isa = PBXBuildFile; fileRef = 1AEF25C1246ADF0D0093C86A /* FavouriteButtonView.swift */; };
		1AEF25C8246AEC4C0093C86A /* Ingredience+Identifiable.swift in Sources */ = {isa = PBXBuildFile; fileRef = 1AEF25C7246AEC4C0093C86A /* Ingredience+Identifiable.swift */; };
		1AEF25CC246AF0810093C86A /* AppDelegate+current.swift in Sources */ = {isa = PBXBuildFile; fileRef = 1AEF25CB246AF0810093C86A /* AppDelegate+current.swift */; };
		1AEF25D5246B1ECD0093C86A /* MealType+Identifiable.swift in Sources */ = {isa = PBXBuildFile; fileRef = 1AEF25D4246B1ECD0093C86A /* MealType+Identifiable.swift */; };
		1AEF25D8246B21BB0093C86A /* MealsTypesView.swift in Sources */ = {isa = PBXBuildFile; fileRef = 1AEF25D2246B1BBD0093C86A /* MealsTypesView.swift */; };
/* End PBXBuildFile section */

/* Begin PBXContainerItemProxy section */
		1AEF254D246A98EF0093C86A /* PBXContainerItemProxy */ = {
			isa = PBXContainerItemProxy;
			containerPortal = 1AEF252B246A98EE0093C86A /* Project object */;
			proxyType = 1;
			remoteGlobalIDString = 1AEF2532246A98EE0093C86A;
			remoteInfo = HungryStudent;
		};
		1AEF2558246A98EF0093C86A /* PBXContainerItemProxy */ = {
			isa = PBXContainerItemProxy;
			containerPortal = 1AEF252B246A98EE0093C86A /* Project object */;
			proxyType = 1;
			remoteGlobalIDString = 1AEF2532246A98EE0093C86A;
			remoteInfo = HungryStudent;
		};
/* End PBXContainerItemProxy section */

/* Begin PBXFileReference section */
		1A373FF4246C126100CF72AD /* Meal+init.swift */ = {isa = PBXFileReference; lastKnownFileType = sourcecode.swift; path = "Meal+init.swift"; sourceTree = "<group>"; };
		1A76BE18246FDBBE00A2ED48 /* AppTabView.swift */ = {isa = PBXFileReference; lastKnownFileType = sourcecode.swift; path = AppTabView.swift; sourceTree = "<group>"; };
		1A76BE1A246FDE9900A2ED48 /* MainView.swift */ = {isa = PBXFileReference; lastKnownFileType = sourcecode.swift; path = MainView.swift; sourceTree = "<group>"; };
		1A76BE1C246FE25E00A2ED48 /* Assets.xcassets */ = {isa = PBXFileReference; lastKnownFileType = folder.assetcatalog; path = Assets.xcassets; sourceTree = "<group>"; };
		1A76BE1F246FEC9800A2ED48 /* IngrediencesView.swift */ = {isa = PBXFileReference; lastKnownFileType = sourcecode.swift; path = IngrediencesView.swift; sourceTree = "<group>"; };
		1A76BE22246FEF0600A2ED48 /* AddIngredienceView.swift */ = {isa = PBXFileReference; lastKnownFileType = sourcecode.swift; path = AddIngredienceView.swift; sourceTree = "<group>"; };
		1A76BE25246FF4CF00A2ED48 /* MealAddIngredienceView.swift */ = {isa = PBXFileReference; lastKnownFileType = sourcecode.swift; path = MealAddIngredienceView.swift; sourceTree = "<group>"; };
		1A76BE2724701C8100A2ED48 /* FoundMealsView.swift */ = {isa = PBXFileReference; lastKnownFileType = sourcecode.swift; path = FoundMealsView.swift; sourceTree = "<group>"; };
		1A76BE29247039B600A2ED48 /* FilterMealsView.swift */ = {isa = PBXFileReference; lastKnownFileType = sourcecode.swift; path = FilterMealsView.swift; sourceTree = "<group>"; };
		1A76BE2B2470545300A2ED48 /* FoundMealImageView.swift */ = {isa = PBXFileReference; lastKnownFileType = sourcecode.swift; path = FoundMealImageView.swift; sourceTree = "<group>"; };
		1A7C90C3246C8D2D00D92FC2 /* ObservableObject+toBindable.swift */ = {isa = PBXFileReference; lastKnownFileType = sourcecode.swift; path = "ObservableObject+toBindable.swift"; sourceTree = "<group>"; };
		1A7C90C6246C958D00D92FC2 /* MealTypePickerSheetView.swift */ = {isa = PBXFileReference; lastKnownFileType = sourcecode.swift; path = MealTypePickerSheetView.swift; sourceTree = "<group>"; };
		1AC8AA55246F114300511478 /* AddImageView.swift */ = {isa = PBXFileReference; lastKnownFileType = sourcecode.swift; path = AddImageView.swift; sourceTree = "<group>"; };
		1AC8AA59246F2F6000511478 /* DataCoreImageView.swift */ = {isa = PBXFileReference; lastKnownFileType = sourcecode.swift; path = DataCoreImageView.swift; sourceTree = "<group>"; };
		1AD4B35F246EFBF70038984E /* ImagePicker.swift */ = {isa = PBXFileReference; lastKnownFileType = sourcecode.swift; path = ImagePicker.swift; sourceTree = "<group>"; };
		1AEF2533246A98EE0093C86A /* HungryStudent.app */ = {isa = PBXFileReference; explicitFileType = wrapper.application; includeInIndex = 0; path = HungryStudent.app; sourceTree = BUILT_PRODUCTS_DIR; };
		1AEF2536246A98EE0093C86A /* AppDelegate.swift */ = {isa = PBXFileReference; lastKnownFileType = sourcecode.swift; path = AppDelegate.swift; sourceTree = "<group>"; };
		1AEF2538246A98EE0093C86A /* SceneDelegate.swift */ = {isa = PBXFileReference; lastKnownFileType = sourcecode.swift; path = SceneDelegate.swift; sourceTree = "<group>"; };
		1AEF253B246A98EE0093C86A /* HungryStudent.xcdatamodel */ = {isa = PBXFileReference; lastKnownFileType = wrapper.xcdatamodel; path = HungryStudent.xcdatamodel; sourceTree = "<group>"; };
		1AEF253D246A98EE0093C86A /* ContentView.swift */ = {isa = PBXFileReference; lastKnownFileType = sourcecode.swift; path = ContentView.swift; sourceTree = "<group>"; };
		1AEF2542246A98EF0093C86A /* Preview Assets.xcassets */ = {isa = PBXFileReference; lastKnownFileType = folder.assetcatalog; path = "Preview Assets.xcassets"; sourceTree = "<group>"; };
		1AEF2545246A98EF0093C86A /* Base */ = {isa = PBXFileReference; lastKnownFileType = file.storyboard; name = Base; path = Base.lproj/LaunchScreen.storyboard; sourceTree = "<group>"; };
		1AEF2547246A98EF0093C86A /* Info.plist */ = {isa = PBXFileReference; lastKnownFileType = text.plist.xml; path = Info.plist; sourceTree = "<group>"; };
		1AEF254C246A98EF0093C86A /* HungryStudentTests.xctest */ = {isa = PBXFileReference; explicitFileType = wrapper.cfbundle; includeInIndex = 0; path = HungryStudentTests.xctest; sourceTree = BUILT_PRODUCTS_DIR; };
		1AEF2550246A98EF0093C86A /* HungryStudentTests.swift */ = {isa = PBXFileReference; lastKnownFileType = sourcecode.swift; path = HungryStudentTests.swift; sourceTree = "<group>"; };
		1AEF2552246A98EF0093C86A /* Info.plist */ = {isa = PBXFileReference; lastKnownFileType = text.plist.xml; path = Info.plist; sourceTree = "<group>"; };
		1AEF2557246A98EF0093C86A /* HungryStudentUITests.xctest */ = {isa = PBXFileReference; explicitFileType = wrapper.cfbundle; includeInIndex = 0; path = HungryStudentUITests.xctest; sourceTree = BUILT_PRODUCTS_DIR; };
		1AEF255B246A98EF0093C86A /* HungryStudentUITests.swift */ = {isa = PBXFileReference; lastKnownFileType = sourcecode.swift; path = HungryStudentUITests.swift; sourceTree = "<group>"; };
		1AEF255D246A98EF0093C86A /* Info.plist */ = {isa = PBXFileReference; lastKnownFileType = text.plist.xml; path = Info.plist; sourceTree = "<group>"; };
		1AEF25AA246AAAAA0093C86A /* AddImage.swift */ = {isa = PBXFileReference; lastKnownFileType = sourcecode.swift; path = AddImage.swift; sourceTree = "<group>"; };
		1AEF25AC246AAE580093C86A /* NameTypeFavouriteView.swift */ = {isa = PBXFileReference; lastKnownFileType = sourcecode.swift; path = NameTypeFavouriteView.swift; sourceTree = "<group>"; };
		1AEF25B4246AB5D00093C86A /* MealDetail.swift */ = {isa = PBXFileReference; lastKnownFileType = sourcecode.swift; path = MealDetail.swift; sourceTree = "<group>"; };
		1AEF25B6246ABA3E0093C86A /* SearchBar.swift */ = {isa = PBXFileReference; lastKnownFileType = sourcecode.swift; path = SearchBar.swift; sourceTree = "<group>"; };
		1AEF25BB246AD2300093C86A /* Meal+Identifiable.swift */ = {isa = PBXFileReference; lastKnownFileType = sourcecode.swift; path = "Meal+Identifiable.swift"; sourceTree = "<group>"; };
		1AEF25BD246AD50A0093C86A /* debugGetContext.swift */ = {isa = PBXFileReference; lastKnownFileType = sourcecode.swift; path = debugGetContext.swift; sourceTree = "<group>"; };
		1AEF25BF246AD78E0093C86A /* MealRowView.swift */ = {isa = PBXFileReference; lastKnownFileType = sourcecode.swift; path = MealRowView.swift; sourceTree = "<group>"; };
		1AEF25C1246ADF0D0093C86A /* FavouriteButtonView.swift */ = {isa = PBXFileReference; lastKnownFileType = sourcecode.swift; path = FavouriteButtonView.swift; sourceTree = "<group>"; };
		1AEF25C5246AE6BC0093C86A /* AddMealView.swift */ = {isa = PBXFileReference; lastKnownFileType = sourcecode.swift; path = AddMealView.swift; sourceTree = "<group>"; };
		1AEF25C7246AEC4C0093C86A /* Ingredience+Identifiable.swift */ = {isa = PBXFileReference; lastKnownFileType = sourcecode.swift; path = "Ingredience+Identifiable.swift"; sourceTree = "<group>"; };
		1AEF25CB246AF0810093C86A /* AppDelegate+current.swift */ = {isa = PBXFileReference; lastKnownFileType = sourcecode.swift; path = "AppDelegate+current.swift"; sourceTree = "<group>"; };
		1AEF25CE246AF4EC0093C86A /* IngredienceSelectionRowView.swift */ = {isa = PBXFileReference; lastKnownFileType = sourcecode.swift; path = IngredienceSelectionRowView.swift; sourceTree = "<group>"; };
		1AEF25D0246B1A450093C86A /* MealsTypeList.swift */ = {isa = PBXFileReference; lastKnownFileType = sourcecode.swift; path = MealsTypeList.swift; sourceTree = "<group>"; };
		1AEF25D2246B1BBD0093C86A /* MealsTypesView.swift */ = {isa = PBXFileReference; lastKnownFileType = sourcecode.swift; path = MealsTypesView.swift; sourceTree = "<group>"; };
		1AEF25D4246B1ECD0093C86A /* MealType+Identifiable.swift */ = {isa = PBXFileReference; lastKnownFileType = sourcecode.swift; path = "MealType+Identifiable.swift"; sourceTree = "<group>"; };
		1AEF25D6246B21150093C86A /* AddMealTypeView.swift */ = {isa = PBXFileReference; lastKnownFileType = sourcecode.swift; path = AddMealTypeView.swift; sourceTree = "<group>"; };
/* End PBXFileReference section */

/* Begin PBXFrameworksBuildPhase section */
		1AEF2530246A98EE0093C86A /* Frameworks */ = {
			isa = PBXFrameworksBuildPhase;
			buildActionMask = 2147483647;
			files = (
			);
			runOnlyForDeploymentPostprocessing = 0;
		};
		1AEF2549246A98EF0093C86A /* Frameworks */ = {
			isa = PBXFrameworksBuildPhase;
			buildActionMask = 2147483647;
			files = (
			);
			runOnlyForDeploymentPostprocessing = 0;
		};
		1AEF2554246A98EF0093C86A /* Frameworks */ = {
			isa = PBXFrameworksBuildPhase;
			buildActionMask = 2147483647;
			files = (
			);
			runOnlyForDeploymentPostprocessing = 0;
		};
/* End PBXFrameworksBuildPhase section */

/* Begin PBXGroup section */
		1A373FF7246C13C000CF72AD /* Extensions */ = {
			isa = PBXGroup;
			children = (
				1A7C90C3246C8D2D00D92FC2 /* ObservableObject+toBindable.swift */,
				1AEF25BB246AD2300093C86A /* Meal+Identifiable.swift */,
				1A373FF4246C126100CF72AD /* Meal+init.swift */,
				1AEF25C7246AEC4C0093C86A /* Ingredience+Identifiable.swift */,
				1AEF25D4246B1ECD0093C86A /* MealType+Identifiable.swift */,
			);
			path = Extensions;
			sourceTree = "<group>";
		};
		1A76BE1E246FEC3F00A2ED48 /* MainView */ = {
			isa = PBXGroup;
			children = (
				1AEF253D246A98EE0093C86A /* ContentView.swift */,
				1A76BE18246FDBBE00A2ED48 /* AppTabView.swift */,
				1A76BE1A246FDE9900A2ED48 /* MainView.swift */,
				1A76BE29247039B600A2ED48 /* FilterMealsView.swift */,
				1A76BE2724701C8100A2ED48 /* FoundMealsView.swift */,
				1A76BE2B2470545300A2ED48 /* FoundMealImageView.swift */,
			);
			path = MainView;
			sourceTree = "<group>";
		};
		1A76BE24246FEF2800A2ED48 /* IngredienceView */ = {
			isa = PBXGroup;
			children = (
				1A76BE1F246FEC9800A2ED48 /* IngrediencesView.swift */,
				1A76BE22246FEF0600A2ED48 /* AddIngredienceView.swift */,
			);
			path = IngredienceView;
			sourceTree = "<group>";
		};
		1AD4B35A246EF68E0038984E /* MealDetail */ = {
			isa = PBXGroup;
			children = (
				1AEF25AA246AAAAA0093C86A /* AddImage.swift */,
				1AC8AA59246F2F6000511478 /* DataCoreImageView.swift */,
				1AC8AA55246F114300511478 /* AddImageView.swift */,
				1AD4B35F246EFBF70038984E /* ImagePicker.swift */,
				1AEF25B4246AB5D00093C86A /* MealDetail.swift */,
				1A76BE25246FF4CF00A2ED48 /* MealAddIngredienceView.swift */,
				1AEF25AC246AAE580093C86A /* NameTypeFavouriteView.swift */,
				1A7C90C6246C958D00D92FC2 /* MealTypePickerSheetView.swift */,
			);
			path = MealDetail;
			sourceTree = "<group>";
		};
		1AD4B35B246EF6A40038984E /* MealType */ = {
			isa = PBXGroup;
			children = (
				1AEF25D2246B1BBD0093C86A /* MealsTypesView.swift */,
				1AEF25D6246B21150093C86A /* AddMealTypeView.swift */,
			);
			path = MealType;
			sourceTree = "<group>";
		};
		1AD4B35C246EF6C60038984E /* MealsList */ = {
			isa = PBXGroup;
			children = (
				1AEF25D0246B1A450093C86A /* MealsTypeList.swift */,
				1AEF25C5246AE6BC0093C86A /* AddMealView.swift */,
				1AEF25BF246AD78E0093C86A /* MealRowView.swift */,
				1AEF25CE246AF4EC0093C86A /* IngredienceSelectionRowView.swift */,
			);
			path = MealsList;
			sourceTree = "<group>";
		};
		1AEF252A246A98EE0093C86A = {
			isa = PBXGroup;
			children = (
				1AEF2535246A98EE0093C86A /* HungryStudent */,
				1AEF254F246A98EF0093C86A /* HungryStudentTests */,
				1AEF255A246A98EF0093C86A /* HungryStudentUITests */,
				1AEF2534246A98EE0093C86A /* Products */,
			);
			sourceTree = "<group>";
		};
		1AEF2534246A98EE0093C86A /* Products */ = {
			isa = PBXGroup;
			children = (
				1AEF2533246A98EE0093C86A /* HungryStudent.app */,
				1AEF254C246A98EF0093C86A /* HungryStudentTests.xctest */,
				1AEF2557246A98EF0093C86A /* HungryStudentUITests.xctest */,
			);
			name = Products;
			sourceTree = "<group>";
		};
		1AEF2535246A98EE0093C86A /* HungryStudent */ = {
			isa = PBXGroup;
			children = (
				1A76BE24246FEF2800A2ED48 /* IngredienceView */,
				1AD4B35A246EF68E0038984E /* MealDetail */,
				1AD4B35B246EF6A40038984E /* MealType */,
				1AD4B35C246EF6C60038984E /* MealsList */,
				1A76BE1E246FEC3F00A2ED48 /* MainView */,
				1AEF25C1246ADF0D0093C86A /* FavouriteButtonView.swift */,
				1AEF25B6246ABA3E0093C86A /* SearchBar.swift */,
				1AEF2547246A98EF0093C86A /* Info.plist */,
				1AEF253A246A98EE0093C86A /* HungryStudent.xcdatamodeld */,
				1A373FF7246C13C000CF72AD /* Extensions */,
				1AEF25C3246ADF430093C86A /* Helpers */,
				1AEF2541246A98EF0093C86A /* Preview Content */,
			);
			path = HungryStudent;
			sourceTree = "<group>";
		};
		1AEF2541246A98EF0093C86A /* Preview Content */ = {
			isa = PBXGroup;
			children = (
				1AEF2542246A98EF0093C86A /* Preview Assets.xcassets */,
			);
			path = "Preview Content";
			sourceTree = "<group>";
		};
		1AEF254F246A98EF0093C86A /* HungryStudentTests */ = {
			isa = PBXGroup;
			children = (
				1AEF2550246A98EF0093C86A /* HungryStudentTests.swift */,
				1AEF2552246A98EF0093C86A /* Info.plist */,
			);
			path = HungryStudentTests;
			sourceTree = "<group>";
		};
		1AEF255A246A98EF0093C86A /* HungryStudentUITests */ = {
			isa = PBXGroup;
			children = (
				1AEF255B246A98EF0093C86A /* HungryStudentUITests.swift */,
				1AEF255D246A98EF0093C86A /* Info.plist */,
			);
			path = HungryStudentUITests;
			sourceTree = "<group>";
		};
		1AEF25C3246ADF430093C86A /* Helpers */ = {
			isa = PBXGroup;
			children = (
				1AEF2536246A98EE0093C86A /* AppDelegate.swift */,
				1A76BE1C246FE25E00A2ED48 /* Assets.xcassets */,
				1AEF2538246A98EE0093C86A /* SceneDelegate.swift */,
				1AEF25BD246AD50A0093C86A /* debugGetContext.swift */,
				1AEF25CB246AF0810093C86A /* AppDelegate+current.swift */,
				1AEF2544246A98EF0093C86A /* LaunchScreen.storyboard */,
			);
			path = Helpers;
			sourceTree = "<group>";
		};
/* End PBXGroup section */

/* Begin PBXNativeTarget section */
		1AEF2532246A98EE0093C86A /* HungryStudent */ = {
			isa = PBXNativeTarget;
			buildConfigurationList = 1AEF2560246A98EF0093C86A /* Build configuration list for PBXNativeTarget "HungryStudent" */;
			buildPhases = (
				1AEF252F246A98EE0093C86A /* Sources */,
				1AEF2530246A98EE0093C86A /* Frameworks */,
				1AEF2531246A98EE0093C86A /* Resources */,
			);
			buildRules = (
			);
			dependencies = (
			);
			name = HungryStudent;
			productName = HungryStudent;
			productReference = 1AEF2533246A98EE0093C86A /* HungryStudent.app */;
			productType = "com.apple.product-type.application";
		};
		1AEF254B246A98EF0093C86A /* HungryStudentTests */ = {
			isa = PBXNativeTarget;
			buildConfigurationList = 1AEF2563246A98EF0093C86A /* Build configuration list for PBXNativeTarget "HungryStudentTests" */;
			buildPhases = (
				1AEF2548246A98EF0093C86A /* Sources */,
				1AEF2549246A98EF0093C86A /* Frameworks */,
				1AEF254A246A98EF0093C86A /* Resources */,
			);
			buildRules = (
			);
			dependencies = (
				1AEF254E246A98EF0093C86A /* PBXTargetDependency */,
			);
			name = HungryStudentTests;
			productName = HungryStudentTests;
			productReference = 1AEF254C246A98EF0093C86A /* HungryStudentTests.xctest */;
			productType = "com.apple.product-type.bundle.unit-test";
		};
		1AEF2556246A98EF0093C86A /* HungryStudentUITests */ = {
			isa = PBXNativeTarget;
			buildConfigurationList = 1AEF2566246A98EF0093C86A /* Build configuration list for PBXNativeTarget "HungryStudentUITests" */;
			buildPhases = (
				1AEF2553246A98EF0093C86A /* Sources */,
				1AEF2554246A98EF0093C86A /* Frameworks */,
				1AEF2555246A98EF0093C86A /* Resources */,
			);
			buildRules = (
			);
			dependencies = (
				1AEF2559246A98EF0093C86A /* PBXTargetDependency */,
			);
			name = HungryStudentUITests;
			productName = HungryStudentUITests;
			productReference = 1AEF2557246A98EF0093C86A /* HungryStudentUITests.xctest */;
			productType = "com.apple.product-type.bundle.ui-testing";
		};
/* End PBXNativeTarget section */

/* Begin PBXProject section */
		1AEF252B246A98EE0093C86A /* Project object */ = {
			isa = PBXProject;
			attributes = {
				LastSwiftUpdateCheck = 1130;
				LastUpgradeCheck = 1130;
				ORGANIZATIONNAME = "Radovan Klembara";
				TargetAttributes = {
					1AEF2532246A98EE0093C86A = {
						CreatedOnToolsVersion = 11.3.1;
					};
					1AEF254B246A98EF0093C86A = {
						CreatedOnToolsVersion = 11.3.1;
						TestTargetID = 1AEF2532246A98EE0093C86A;
					};
					1AEF2556246A98EF0093C86A = {
						CreatedOnToolsVersion = 11.3.1;
						TestTargetID = 1AEF2532246A98EE0093C86A;
					};
				};
			};
			buildConfigurationList = 1AEF252E246A98EE0093C86A /* Build configuration list for PBXProject "HungryStudent" */;
			compatibilityVersion = "Xcode 9.3";
			developmentRegion = en;
			hasScannedForEncodings = 0;
			knownRegions = (
				en,
				Base,
			);
			mainGroup = 1AEF252A246A98EE0093C86A;
			productRefGroup = 1AEF2534246A98EE0093C86A /* Products */;
			projectDirPath = "";
			projectRoot = "";
			targets = (
				1AEF2532246A98EE0093C86A /* HungryStudent */,
				1AEF254B246A98EF0093C86A /* HungryStudentTests */,
				1AEF2556246A98EF0093C86A /* HungryStudentUITests */,
			);
		};
/* End PBXProject section */

/* Begin PBXResourcesBuildPhase section */
		1AEF2531246A98EE0093C86A /* Resources */ = {
			isa = PBXResourcesBuildPhase;
			buildActionMask = 2147483647;
			files = (
				1AEF2546246A98EF0093C86A /* LaunchScreen.storyboard in Resources */,
				1A76BE1D246FE25E00A2ED48 /* Assets.xcassets in Resources */,
				1AEF2543246A98EF0093C86A /* Preview Assets.xcassets in Resources */,
			);
			runOnlyForDeploymentPostprocessing = 0;
		};
		1AEF254A246A98EF0093C86A /* Resources */ = {
			isa = PBXResourcesBuildPhase;
			buildActionMask = 2147483647;
			files = (
			);
			runOnlyForDeploymentPostprocessing = 0;
		};
		1AEF2555246A98EF0093C86A /* Resources */ = {
			isa = PBXResourcesBuildPhase;
			buildActionMask = 2147483647;
			files = (
			);
			runOnlyForDeploymentPostprocessing = 0;
		};
/* End PBXResourcesBuildPhase section */

/* Begin PBXSourcesBuildPhase section */
		1AEF252F246A98EE0093C86A /* Sources */ = {
			isa = PBXSourcesBuildPhase;
			buildActionMask = 2147483647;
			files = (
				1A76BE23246FEF0600A2ED48 /* AddIngredienceView.swift in Sources */,
				1AEF2537246A98EE0093C86A /* AppDelegate.swift in Sources */,
				1A76BE1B246FDE9900A2ED48 /* MainView.swift in Sources */,
				1AC8AA5A246F2F6000511478 /* DataCoreImageView.swift in Sources */,
				1A373FF9246C1F7600CF72AD /* AddMealTypeView.swift in Sources */,
				1A7C90C4246C8D2D00D92FC2 /* ObservableObject+toBindable.swift in Sources */,
				1AC8AA58246F175C00511478 /* AddImageView.swift in Sources */,
				1AEF25D5246B1ECD0093C86A /* MealType+Identifiable.swift in Sources */,
				1AEF25CC246AF0810093C86A /* AppDelegate+current.swift in Sources */,
				1AEF25AB246AAAAA0093C86A /* AddImage.swift in Sources */,
				1AC8AA57246F153500511478 /* MealDetail.swift in Sources */,
				1A76BE26246FF4CF00A2ED48 /* MealAddIngredienceView.swift in Sources */,
				1AEF25A9246AA7700093C86A /* HungryStudent.xcdatamodeld in Sources */,
				1AEF25D8246B21BB0093C86A /* MealsTypesView.swift in Sources */,
				1A76BE21246FED3E00A2ED48 /* IngrediencesView.swift in Sources */,
				1AEF25C8246AEC4C0093C86A /* Ingredience+Identifiable.swift in Sources */,
				1AEF25BE246AD50A0093C86A /* debugGetContext.swift in Sources */,
				1AEF25C4246AE1D20093C86A /* FavouriteButtonView.swift in Sources */,
				1A7C90C7246C958D00D92FC2 /* MealTypePickerSheetView.swift in Sources */,
				1A374001246C582D00CF72AD /* Meal+init.swift in Sources */,
				1A76BE2F247055D400A2ED48 /* FoundMealImageView.swift in Sources */,
				1A76BE2E247054C400A2ED48 /* FoundMealsView.swift in Sources */,
				1AEF25B8246AC2790093C86A /* SearchBar.swift in Sources */,
				1AEF25BA246ACEBB0093C86A /* ContentView.swift in Sources */,
				1A373FFD246C332200CF72AD /* AddMealView.swift in Sources */,
				1A373FFC246C2F5C00CF72AD /* MealsTypeList.swift in Sources */,
				1AEF25AD246AAE580093C86A /* NameTypeFavouriteView.swift in Sources */,
				1A76BE19246FDBBE00A2ED48 /* AppTabView.swift in Sources */,
				1AEF25BC246AD2300093C86A /* Meal+Identifiable.swift in Sources */,
				1AEF25C0246AD78E0093C86A /* MealRowView.swift in Sources */,
				1AC8AA54246F102B00511478 /* ImagePicker.swift in Sources */,
				1A76BE2A247039B600A2ED48 /* FilterMealsView.swift in Sources */,
				1AEF2539246A98EE0093C86A /* SceneDelegate.swift in Sources */,
				1A373FF3246C0EE400CF72AD /* IngredienceSelectionRowView.swift in Sources */,
			);
			runOnlyForDeploymentPostprocessing = 0;
		};
		1AEF2548246A98EF0093C86A /* Sources */ = {
			isa = PBXSourcesBuildPhase;
			buildActionMask = 2147483647;
			files = (
				1AEF2551246A98EF0093C86A /* HungryStudentTests.swift in Sources */,
			);
			runOnlyForDeploymentPostprocessing = 0;
		};
		1AEF2553246A98EF0093C86A /* Sources */ = {
			isa = PBXSourcesBuildPhase;
			buildActionMask = 2147483647;
			files = (
				1AEF255C246A98EF0093C86A /* HungryStudentUITests.swift in Sources */,
			);
			runOnlyForDeploymentPostprocessing = 0;
		};
/* End PBXSourcesBuildPhase section */

/* Begin PBXTargetDependency section */
		1AEF254E246A98EF0093C86A /* PBXTargetDependency */ = {
			isa = PBXTargetDependency;
			target = 1AEF2532246A98EE0093C86A /* HungryStudent */;
			targetProxy = 1AEF254D246A98EF0093C86A /* PBXContainerItemProxy */;
		};
		1AEF2559246A98EF0093C86A /* PBXTargetDependency */ = {
			isa = PBXTargetDependency;
			target = 1AEF2532246A98EE0093C86A /* HungryStudent */;
			targetProxy = 1AEF2558246A98EF0093C86A /* PBXContainerItemProxy */;
		};
/* End PBXTargetDependency section */

/* Begin PBXVariantGroup section */
		1AEF2544246A98EF0093C86A /* LaunchScreen.storyboard */ = {
			isa = PBXVariantGroup;
			children = (
				1AEF2545246A98EF0093C86A /* Base */,
			);
			name = LaunchScreen.storyboard;
			sourceTree = "<group>";
		};
/* End PBXVariantGroup section */

/* Begin XCBuildConfiguration section */
		1AEF255E246A98EF0093C86A /* Debug */ = {
			isa = XCBuildConfiguration;
			buildSettings = {
				ALWAYS_SEARCH_USER_PATHS = NO;
				CLANG_ANALYZER_NONNULL = YES;
				CLANG_ANALYZER_NUMBER_OBJECT_CONVERSION = YES_AGGRESSIVE;
				CLANG_CXX_LANGUAGE_STANDARD = "gnu++14";
				CLANG_CXX_LIBRARY = "libc++";
				CLANG_ENABLE_MODULES = YES;
				CLANG_ENABLE_OBJC_ARC = YES;
				CLANG_ENABLE_OBJC_WEAK = YES;
				CLANG_WARN_BLOCK_CAPTURE_AUTORELEASING = YES;
				CLANG_WARN_BOOL_CONVERSION = YES;
				CLANG_WARN_COMMA = YES;
				CLANG_WARN_CONSTANT_CONVERSION = YES;
				CLANG_WARN_DEPRECATED_OBJC_IMPLEMENTATIONS = YES;
				CLANG_WARN_DIRECT_OBJC_ISA_USAGE = YES_ERROR;
				CLANG_WARN_DOCUMENTATION_COMMENTS = YES;
				CLANG_WARN_EMPTY_BODY = YES;
				CLANG_WARN_ENUM_CONVERSION = YES;
				CLANG_WARN_INFINITE_RECURSION = YES;
				CLANG_WARN_INT_CONVERSION = YES;
				CLANG_WARN_NON_LITERAL_NULL_CONVERSION = YES;
				CLANG_WARN_OBJC_IMPLICIT_RETAIN_SELF = YES;
				CLANG_WARN_OBJC_LITERAL_CONVERSION = YES;
				CLANG_WARN_OBJC_ROOT_CLASS = YES_ERROR;
				CLANG_WARN_RANGE_LOOP_ANALYSIS = YES;
				CLANG_WARN_STRICT_PROTOTYPES = YES;
				CLANG_WARN_SUSPICIOUS_MOVE = YES;
				CLANG_WARN_UNGUARDED_AVAILABILITY = YES_AGGRESSIVE;
				CLANG_WARN_UNREACHABLE_CODE = YES;
				CLANG_WARN__DUPLICATE_METHOD_MATCH = YES;
				COPY_PHASE_STRIP = NO;
				DEBUG_INFORMATION_FORMAT = dwarf;
				ENABLE_STRICT_OBJC_MSGSEND = YES;
				ENABLE_TESTABILITY = YES;
				GCC_C_LANGUAGE_STANDARD = gnu11;
				GCC_DYNAMIC_NO_PIC = NO;
				GCC_NO_COMMON_BLOCKS = YES;
				GCC_OPTIMIZATION_LEVEL = 0;
				GCC_PREPROCESSOR_DEFINITIONS = (
					"DEBUG=1",
					"$(inherited)",
				);
				GCC_WARN_64_TO_32_BIT_CONVERSION = YES;
				GCC_WARN_ABOUT_RETURN_TYPE = YES_ERROR;
				GCC_WARN_UNDECLARED_SELECTOR = YES;
				GCC_WARN_UNINITIALIZED_AUTOS = YES_AGGRESSIVE;
				GCC_WARN_UNUSED_FUNCTION = YES;
				GCC_WARN_UNUSED_VARIABLE = YES;
				IPHONEOS_DEPLOYMENT_TARGET = 13.2;
				MTL_ENABLE_DEBUG_INFO = INCLUDE_SOURCE;
				MTL_FAST_MATH = YES;
				ONLY_ACTIVE_ARCH = YES;
				SDKROOT = iphoneos;
				SWIFT_ACTIVE_COMPILATION_CONDITIONS = DEBUG;
				SWIFT_OPTIMIZATION_LEVEL = "-Onone";
			};
			name = Debug;
		};
		1AEF255F246A98EF0093C86A /* Release */ = {
			isa = XCBuildConfiguration;
			buildSettings = {
				ALWAYS_SEARCH_USER_PATHS = NO;
				CLANG_ANALYZER_NONNULL = YES;
				CLANG_ANALYZER_NUMBER_OBJECT_CONVERSION = YES_AGGRESSIVE;
				CLANG_CXX_LANGUAGE_STANDARD = "gnu++14";
				CLANG_CXX_LIBRARY = "libc++";
				CLANG_ENABLE_MODULES = YES;
				CLANG_ENABLE_OBJC_ARC = YES;
				CLANG_ENABLE_OBJC_WEAK = YES;
				CLANG_WARN_BLOCK_CAPTURE_AUTORELEASING = YES;
				CLANG_WARN_BOOL_CONVERSION = YES;
				CLANG_WARN_COMMA = YES;
				CLANG_WARN_CONSTANT_CONVERSION = YES;
				CLANG_WARN_DEPRECATED_OBJC_IMPLEMENTATIONS = YES;
				CLANG_WARN_DIRECT_OBJC_ISA_USAGE = YES_ERROR;
				CLANG_WARN_DOCUMENTATION_COMMENTS = YES;
				CLANG_WARN_EMPTY_BODY = YES;
				CLANG_WARN_ENUM_CONVERSION = YES;
				CLANG_WARN_INFINITE_RECURSION = YES;
				CLANG_WARN_INT_CONVERSION = YES;
				CLANG_WARN_NON_LITERAL_NULL_CONVERSION = YES;
				CLANG_WARN_OBJC_IMPLICIT_RETAIN_SELF = YES;
				CLANG_WARN_OBJC_LITERAL_CONVERSION = YES;
				CLANG_WARN_OBJC_ROOT_CLASS = YES_ERROR;
				CLANG_WARN_RANGE_LOOP_ANALYSIS = YES;
				CLANG_WARN_STRICT_PROTOTYPES = YES;
				CLANG_WARN_SUSPICIOUS_MOVE = YES;
				CLANG_WARN_UNGUARDED_AVAILABILITY = YES_AGGRESSIVE;
				CLANG_WARN_UNREACHABLE_CODE = YES;
				CLANG_WARN__DUPLICATE_METHOD_MATCH = YES;
				COPY_PHASE_STRIP = NO;
				DEBUG_INFORMATION_FORMAT = "dwarf-with-dsym";
				ENABLE_NS_ASSERTIONS = NO;
				ENABLE_STRICT_OBJC_MSGSEND = YES;
				GCC_C_LANGUAGE_STANDARD = gnu11;
				GCC_NO_COMMON_BLOCKS = YES;
				GCC_WARN_64_TO_32_BIT_CONVERSION = YES;
				GCC_WARN_ABOUT_RETURN_TYPE = YES_ERROR;
				GCC_WARN_UNDECLARED_SELECTOR = YES;
				GCC_WARN_UNINITIALIZED_AUTOS = YES_AGGRESSIVE;
				GCC_WARN_UNUSED_FUNCTION = YES;
				GCC_WARN_UNUSED_VARIABLE = YES;
				IPHONEOS_DEPLOYMENT_TARGET = 13.2;
				MTL_ENABLE_DEBUG_INFO = NO;
				MTL_FAST_MATH = YES;
				SDKROOT = iphoneos;
				SWIFT_COMPILATION_MODE = wholemodule;
				SWIFT_OPTIMIZATION_LEVEL = "-O";
				VALIDATE_PRODUCT = YES;
			};
			name = Release;
		};
		1AEF2561246A98EF0093C86A /* Debug */ = {
			isa = XCBuildConfiguration;
			buildSettings = {
				ASSETCATALOG_COMPILER_APPICON_NAME = AppIcon;
				CODE_SIGN_STYLE = Automatic;
				DEVELOPMENT_ASSET_PATHS = "\"HungryStudent/Preview Content\"";
				DEVELOPMENT_TEAM = T7X92Z337Y;
				ENABLE_PREVIEWS = YES;
				INFOPLIST_FILE = HungryStudent/Info.plist;
				LD_RUNPATH_SEARCH_PATHS = (
					"$(inherited)",
					"@executable_path/Frameworks",
				);
				PRODUCT_BUNDLE_IDENTIFIER = pro.klembara.radovan.HungryStudent;
				PRODUCT_NAME = "$(TARGET_NAME)";
				SWIFT_VERSION = 5.0;
				TARGETED_DEVICE_FAMILY = "1,2";
			};
			name = Debug;
		};
		1AEF2562246A98EF0093C86A /* Release */ = {
			isa = XCBuildConfiguration;
			buildSettings = {
				ASSETCATALOG_COMPILER_APPICON_NAME = AppIcon;
				CODE_SIGN_STYLE = Automatic;
				DEVELOPMENT_ASSET_PATHS = "\"HungryStudent/Preview Content\"";
				DEVELOPMENT_TEAM = T7X92Z337Y;
				ENABLE_PREVIEWS = YES;
				INFOPLIST_FILE = HungryStudent/Info.plist;
				LD_RUNPATH_SEARCH_PATHS = (
					"$(inherited)",
					"@executable_path/Frameworks",
				);
				PRODUCT_BUNDLE_IDENTIFIER = pro.klembara.radovan.HungryStudent;
				PRODUCT_NAME = "$(TARGET_NAME)";
				SWIFT_VERSION = 5.0;
				TARGETED_DEVICE_FAMILY = "1,2";
			};
			name = Release;
		};
		1AEF2564246A98EF0093C86A /* Debug */ = {
			isa = XCBuildConfiguration;
			buildSettings = {
				ALWAYS_EMBED_SWIFT_STANDARD_LIBRARIES = YES;
				BUNDLE_LOADER = "$(TEST_HOST)";
				CODE_SIGN_STYLE = Automatic;
				DEVELOPMENT_TEAM = T7X92Z337Y;
				INFOPLIST_FILE = HungryStudentTests/Info.plist;
				IPHONEOS_DEPLOYMENT_TARGET = 13.2;
				LD_RUNPATH_SEARCH_PATHS = (
					"$(inherited)",
					"@executable_path/Frameworks",
					"@loader_path/Frameworks",
				);
				PRODUCT_BUNDLE_IDENTIFIER = pro.klembara.radovan.HungryStudentTests;
				PRODUCT_NAME = "$(TARGET_NAME)";
				SWIFT_VERSION = 5.0;
				TARGETED_DEVICE_FAMILY = "1,2";
				TEST_HOST = "$(BUILT_PRODUCTS_DIR)/HungryStudent.app/HungryStudent";
			};
			name = Debug;
		};
		1AEF2565246A98EF0093C86A /* Release */ = {
			isa = XCBuildConfiguration;
			buildSettings = {
				ALWAYS_EMBED_SWIFT_STANDARD_LIBRARIES = YES;
				BUNDLE_LOADER = "$(TEST_HOST)";
				CODE_SIGN_STYLE = Automatic;
				DEVELOPMENT_TEAM = T7X92Z337Y;
				INFOPLIST_FILE = HungryStudentTests/Info.plist;
				IPHONEOS_DEPLOYMENT_TARGET = 13.2;
				LD_RUNPATH_SEARCH_PATHS = (
					"$(inherited)",
					"@executable_path/Frameworks",
					"@loader_path/Frameworks",
				);
				PRODUCT_BUNDLE_IDENTIFIER = pro.klembara.radovan.HungryStudentTests;
				PRODUCT_NAME = "$(TARGET_NAME)";
				SWIFT_VERSION = 5.0;
				TARGETED_DEVICE_FAMILY = "1,2";
				TEST_HOST = "$(BUILT_PRODUCTS_DIR)/HungryStudent.app/HungryStudent";
			};
			name = Release;
		};
		1AEF2567246A98EF0093C86A /* Debug */ = {
			isa = XCBuildConfiguration;
			buildSettings = {
				ALWAYS_EMBED_SWIFT_STANDARD_LIBRARIES = YES;
				CODE_SIGN_STYLE = Automatic;
				DEVELOPMENT_TEAM = T7X92Z337Y;
				INFOPLIST_FILE = HungryStudentUITests/Info.plist;
				LD_RUNPATH_SEARCH_PATHS = (
					"$(inherited)",
					"@executable_path/Frameworks",
					"@loader_path/Frameworks",
				);
				PRODUCT_BUNDLE_IDENTIFIER = pro.klembara.radovan.HungryStudentUITests;
				PRODUCT_NAME = "$(TARGET_NAME)";
				SWIFT_VERSION = 5.0;
				TARGETED_DEVICE_FAMILY = "1,2";
				TEST_TARGET_NAME = HungryStudent;
			};
			name = Debug;
		};
		1AEF2568246A98EF0093C86A /* Release */ = {
			isa = XCBuildConfiguration;
			buildSettings = {
				ALWAYS_EMBED_SWIFT_STANDARD_LIBRARIES = YES;
				CODE_SIGN_STYLE = Automatic;
				DEVELOPMENT_TEAM = T7X92Z337Y;
				INFOPLIST_FILE = HungryStudentUITests/Info.plist;
				LD_RUNPATH_SEARCH_PATHS = (
					"$(inherited)",
					"@executable_path/Frameworks",
					"@loader_path/Frameworks",
				);
				PRODUCT_BUNDLE_IDENTIFIER = pro.klembara.radovan.HungryStudentUITests;
				PRODUCT_NAME = "$(TARGET_NAME)";
				SWIFT_VERSION = 5.0;
				TARGETED_DEVICE_FAMILY = "1,2";
				TEST_TARGET_NAME = HungryStudent;
			};
			name = Release;
		};
/* End XCBuildConfiguration section */

/* Begin XCConfigurationList section */
		1AEF252E246A98EE0093C86A /* Build configuration list for PBXProject "HungryStudent" */ = {
			isa = XCConfigurationList;
			buildConfigurations = (
				1AEF255E246A98EF0093C86A /* Debug */,
				1AEF255F246A98EF0093C86A /* Release */,
			);
			defaultConfigurationIsVisible = 0;
			defaultConfigurationName = Release;
		};
		1AEF2560246A98EF0093C86A /* Build configuration list for PBXNativeTarget "HungryStudent" */ = {
			isa = XCConfigurationList;
			buildConfigurations = (
				1AEF2561246A98EF0093C86A /* Debug */,
				1AEF2562246A98EF0093C86A /* Release */,
			);
			defaultConfigurationIsVisible = 0;
			defaultConfigurationName = Release;
		};
		1AEF2563246A98EF0093C86A /* Build configuration list for PBXNativeTarget "HungryStudentTests" */ = {
			isa = XCConfigurationList;
			buildConfigurations = (
				1AEF2564246A98EF0093C86A /* Debug */,
				1AEF2565246A98EF0093C86A /* Release */,
			);
			defaultConfigurationIsVisible = 0;
			defaultConfigurationName = Release;
		};
		1AEF2566246A98EF0093C86A /* Build configuration list for PBXNativeTarget "HungryStudentUITests" */ = {
			isa = XCConfigurationList;
			buildConfigurations = (
				1AEF2567246A98EF0093C86A /* Debug */,
				1AEF2568246A98EF0093C86A /* Release */,
			);
			defaultConfigurationIsVisible = 0;
			defaultConfigurationName = Release;
		};
/* End XCConfigurationList section */

/* Begin XCVersionGroup section */
		1AEF253A246A98EE0093C86A /* HungryStudent.xcdatamodeld */ = {
			isa = XCVersionGroup;
			children = (
				1AEF253B246A98EE0093C86A /* HungryStudent.xcdatamodel */,
			);
			currentVersion = 1AEF253B246A98EE0093C86A /* HungryStudent.xcdatamodel */;
			path = HungryStudent.xcdatamodeld;
			sourceTree = "<group>";
			versionGroupType = wrapper.xcdatamodel;
		};
/* End XCVersionGroup section */
	};
	rootObject = 1AEF252B246A98EE0093C86A /* Project object */;
}
